
Microsoft Visual Studio Solution File, Format Version 12.00
# Visual Studio Version 16
VisualStudioVersion = 16.0.30413.136
MinimumVisualStudioVersion = 10.0.40219.1
Project("{FAE04EC0-301F-11D3-BF4B-00C04F79EFBC}") = "LagrangeInterpol", "LagrangeInterpol\LagrangeInterpol.csproj", "{A8116BF6-ED9D-421F-A79F-12451470C22D}"
EndProject
Global
	GlobalSection(SolutionConfigurationPlatforms) = preSolution
		Debug|Any CPU = Debug|Any CPU
		Release|Any CPU = Release|Any CPU
	EndGlobalSection
	GlobalSection(ProjectConfigurationPlatforms) = postSolution
		{A8116BF6-ED9D-421F-A79F-12451470C22D}.Debug|Any CPU.ActiveCfg = Debug|Any CPU
		{A8116BF6-ED9D-421F-A79F-12451470C22D}.Debug|Any CPU.Build.0 = Debug|Any CPU
		{A8116BF6-ED9D-421F-A79F-12451470C22D}.Release|Any CPU.ActiveCfg = Release|Any CPU
		{A8116BF6-ED9D-421F-A79F-12451470C22D}.Release|Any CPU.Build.0 = Release|Any CPU
	EndGlobalSection
	GlobalSection(SolutionProperties) = preSolution
		HideSolutionNode = FALSE
	EndGlobalSection
	GlobalSection(ExtensibilityGlobals) = postSolution
		SolutionGuid = {63A0F891-4F1F-4A62-A838-C8CBED8D1D90}
	EndGlobalSection
EndGlobal
